
Microsoft Visual Studio Solution File, Format Version 11.00
# Visual Studio 2010
Project("{FAE04EC0-301F-11D3-BF4B-00C04F79EFBC}") = "Samples.CustomValidatorServer", "Samples.CustomValidatorServer\Samples.CustomValidatorServer.csproj", "{6B495F7E-E1DC-4C63-8ED9-EE468D2CD8C8}"
EndProject
Global
	GlobalSection(SolutionConfigurationPlatforms) = preSolution
		Debug|Any CPU = Debug|Any CPU
		Release|Any CPU = Release|Any CPU
	EndGlobalSection
	GlobalSection(ProjectConfigurationPlatforms) = postSolution
		{6B495F7E-E1DC-4C63-8ED9-EE468D2CD8C8}.Debug|Any CPU.ActiveCfg = Debug|Any CPU
		{6B495F7E-E1DC-4C63-8ED9-EE468D2CD8C8}.Debug|Any CPU.Build.0 = Debug|Any CPU
		{6B495F7E-E1DC-4C63-8ED9-EE468D2CD8C8}.Release|Any CPU.ActiveCfg = Release|Any CPU
		{6B495F7E-E1DC-4C63-8ED9-EE468D2CD8C8}.Release|Any CPU.Build.0 = Release|Any CPU
	EndGlobalSection
	GlobalSection(SolutionProperties) = preSolution
		HideSolutionNode = FALSE
	EndGlobalSection
EndGlobal
